Microsoft Visual Studio Solution File, Format Version 12.00
# Visual Studio 2012
Project("{FAE04EC0-301F-11D3-BF4B-00C04F79EFBC}") = "AIEJam", "AIEJam.csproj", "{66EC4F0D-7E89-44C9-A7F2-A8DFAA6FCEEC}"
EndProject
Global
	GlobalSection(SolutionConfigurationPlatforms) = preSolution
	Debug|Any CPU = Debug|Any CPU
	ExportDebug|Any CPU = ExportDebug|Any CPU
	ExportRelease|Any CPU = ExportRelease|Any CPU
	EndGlobalSection
	GlobalSection(ProjectConfigurationPlatforms) = postSolution
		{66EC4F0D-7E89-44C9-A7F2-A8DFAA6FCEEC}.Debug|Any CPU.ActiveCfg = Debug|Any CPU
		{66EC4F0D-7E89-44C9-A7F2-A8DFAA6FCEEC}.Debug|Any CPU.Build.0 = Debug|Any CPU
		{66EC4F0D-7E89-44C9-A7F2-A8DFAA6FCEEC}.ExportDebug|Any CPU.ActiveCfg = ExportDebug|Any CPU
		{66EC4F0D-7E89-44C9-A7F2-A8DFAA6FCEEC}.ExportDebug|Any CPU.Build.0 = ExportDebug|Any CPU
		{66EC4F0D-7E89-44C9-A7F2-A8DFAA6FCEEC}.ExportRelease|Any CPU.ActiveCfg = ExportRelease|Any CPU
		{66EC4F0D-7E89-44C9-A7F2-A8DFAA6FCEEC}.ExportRelease|Any CPU.Build.0 = ExportRelease|Any CPU
	EndGlobalSection
EndGlobal
